
Microsoft Visual Studio Solution File, Format Version 12.00
# Visual Studio Version 17
VisualStudioVersion = 17.13.35931.197 d17.13
MinimumVisualStudioVersion = 10.0.40219.1
Project("{FAE04EC0-301F-11D3-BF4B-00C04F79EFBC}") = "Behaviour_Mediator_Pattern_Demo", "Behaviour_Mediator_Pattern_Demo.csproj", "{24A30416-3288-4C0A-B876-795875B0F7E4}"
EndProject
Global
	GlobalSection(SolutionConfigurationPlatforms) = preSolution
		Debug|Any CPU = Debug|Any CPU
		Release|Any CPU = Release|Any CPU
	EndGlobalSection
	GlobalSection(ProjectConfigurationPlatforms) = postSolution
		{24A30416-3288-4C0A-B876-795875B0F7E4}.Debug|Any CPU.ActiveCfg = Debug|Any CPU
		{24A30416-3288-4C0A-B876-795875B0F7E4}.Debug|Any CPU.Build.0 = Debug|Any CPU
		{24A30416-3288-4C0A-B876-795875B0F7E4}.Release|Any CPU.ActiveCfg = Release|Any CPU
		{24A30416-3288-4C0A-B876-795875B0F7E4}.Release|Any CPU.Build.0 = Release|Any CPU
	EndGlobalSection
	GlobalSection(SolutionProperties) = preSolution
		HideSolutionNode = FALSE
	EndGlobalSection
	GlobalSection(ExtensibilityGlobals) = postSolution
		SolutionGuid = {C3749DA6-FD0A-47DF-8EA0-DDD389D2DCB8}
	EndGlobalSection
EndGlobal
