
Microsoft Visual Studio Solution File, Format Version 12.00
# Visual Studio Version 17
VisualStudioVersion = 17.13.35931.197 d17.13
MinimumVisualStudioVersion = 10.0.40219.1
Project("{FAE04EC0-301F-11D3-BF4B-00C04F79EFBC}") = "EnumDemo", "EnumDemo.csproj", "{B329DE4F-FCB7-4C71-8C93-0ADEBEC2517B}"
EndProject
Global
	GlobalSection(SolutionConfigurationPlatforms) = preSolution
		Debug|Any CPU = Debug|Any CPU
		Release|Any CPU = Release|Any CPU
	EndGlobalSection
	GlobalSection(ProjectConfigurationPlatforms) = postSolution
		{B329DE4F-FCB7-4C71-8C93-0ADEBEC2517B}.Debug|Any CPU.ActiveCfg = Debug|Any CPU
		{B329DE4F-FCB7-4C71-8C93-0ADEBEC2517B}.Debug|Any CPU.Build.0 = Debug|Any CPU
		{B329DE4F-FCB7-4C71-8C93-0ADEBEC2517B}.Release|Any CPU.ActiveCfg = Release|Any CPU
		{B329DE4F-FCB7-4C71-8C93-0ADEBEC2517B}.Release|Any CPU.Build.0 = Release|Any CPU
	EndGlobalSection
	GlobalSection(SolutionProperties) = preSolution
		HideSolutionNode = FALSE
	EndGlobalSection
	GlobalSection(ExtensibilityGlobals) = postSolution
		SolutionGuid = {5E2B2C0E-A338-4CAB-8AA0-10217B8C0C3B}
	EndGlobalSection
EndGlobal
