
Microsoft Visual Studio Solution File, Format Version 12.00
# Visual Studio Version 17
VisualStudioVersion = 17.13.35931.197 d17.13
MinimumVisualStudioVersion = 10.0.40219.1
Project("{FAE04EC0-301F-11D3-BF4B-00C04F79EFBC}") = "Behaviour_Chain_Of_Responsibility_Demo", "Behaviour_Chain_Of_Responsibility_Demo.csproj", "{89A0C225-93B1-4554-834B-C44199B318DC}"
EndProject
Global
	GlobalSection(SolutionConfigurationPlatforms) = preSolution
		Debug|Any CPU = Debug|Any CPU
		Release|Any CPU = Release|Any CPU
	EndGlobalSection
	GlobalSection(ProjectConfigurationPlatforms) = postSolution
		{89A0C225-93B1-4554-834B-C44199B318DC}.Debug|Any CPU.ActiveCfg = Debug|Any CPU
		{89A0C225-93B1-4554-834B-C44199B318DC}.Debug|Any CPU.Build.0 = Debug|Any CPU
		{89A0C225-93B1-4554-834B-C44199B318DC}.Release|Any CPU.ActiveCfg = Release|Any CPU
		{89A0C225-93B1-4554-834B-C44199B318DC}.Release|Any CPU.Build.0 = Release|Any CPU
	EndGlobalSection
	GlobalSection(SolutionProperties) = preSolution
		HideSolutionNode = FALSE
	EndGlobalSection
	GlobalSection(ExtensibilityGlobals) = postSolution
		SolutionGuid = {D1079EBB-2598-4FB2-8C27-CA6E5887FEAC}
	EndGlobalSection
EndGlobal
